#MicroXplorer Configuration settings - do not modify
SPI3.Direction=SPI_DIRECTION_2LINES
SPI3.VirtualType=VM_MASTER
SPI1.VirtualType=VM_MASTER
SPI2.VirtualType=VM_MASTER
Dma.USART1_RX.5.Mode=DMA_NORMAL
Dma.I2C1_TX.1.Mode=DMA_NORMAL
NVIC.DMA1_Stream2_IRQn=true\:0\:0\:false\:false\:true\:false\:true
RCC.PLLCLKFreq_Value=84000000
PA14.GPIO_Label=Unavailable
RCC.PLLQCLKFreq_Value=48000000
RCC.RTCFreq_Value=32000
PA3.GPIOParameters=GPIO_Label
Dma.SPI3_RX.10.Priority=DMA_PRIORITY_VERY_HIGH
Dma.USART1_TX.6.PeriphInc=DMA_PINC_DISABLE
Dma.SPI3_RX.10.FIFOMode=DMA_FIFOMODE_DISABLE
USART1.IPParameters=VirtualMode
PB13.Signal=SPI2_SCK
Dma.SPI1_RX.3.Mode=DMA_NORMAL
PA2.GPIOParameters=GPIO_Label
PinOutPanel.RotationAngle=0
RCC.SYSCLKSource=RCC_SYSCLKSOURCE_PLLCLK
NVIC.SVCall_IRQn=true\:0\:0\:false\:false\:true\:false\:false
Dma.SPI2_TX.9.MemDataAlignment=DMA_MDATAALIGN_BYTE
Dma.SPI3_TX.11.Priority=DMA_PRIORITY_VERY_HIGH
Dma.ADC1.7.MemInc=DMA_MINC_ENABLE
Dma.SPI3_RX.10.Instance=DMA1_Stream2
Dma.SPI2_RX.2.Direction=DMA_PERIPH_TO_MEMORY
SPI1.Direction=SPI_DIRECTION_2LINES
SPI3.VirtualNSS=VM_NSSHARD
RCC.APB2TimFreq_Value=84000000
PB6.Signal=I2C1_SCL
Dma.I2C1_RX.0.PeriphDataAlignment=DMA_PDATAALIGN_BYTE
PB6.Mode=I2C
Dma.USART1_TX.6.Mode=DMA_NORMAL
SPI1.CalculateBaudRate=42.0 MBits/s
PB13.Locked=true
ProjectManager.ProjectBuild=false
Dma.SPI2_RX.2.MemDataAlignment=DMA_MDATAALIGN_BYTE
NVIC.UsageFault_IRQn=true\:0\:0\:false\:false\:true\:false\:false
PB2.Signal=GPIO_Analog
PB3.Mode=Full_Duplex_Master
PA8.Locked=true
PA4.Locked=true
Dma.I2C1_RX.0.Mode=DMA_NORMAL
PC13-ANTI_TAMP.Signal=GPIO_Output
Dma.SPI2_RX.2.PeriphInc=DMA_PINC_DISABLE
ProjectManager.FirmwarePackage=STM32Cube FW_F4 V1.25.2
MxDb.Version=DB.6.0.10
VP_USB_DEVICE_VS_USB_DEVICE_HID_FS.Signal=USB_DEVICE_VS_USB_DEVICE_HID_FS
PB0.GPIOParameters=GPIO_Label
PA1.GPIOParameters=GPIO_Label
ProjectManager.BackupPrevious=false
SH.ADCx_IN1.ConfNb=1
PB14.Mode=Full_Duplex_Master
PB1.GPIO_Label=EAI/O2
SPI2.CalculateBaudRate=21.0 MBits/s
Dma.SPI2_RX.2.PeriphDataAlignment=DMA_PDATAALIGN_BYTE
Dma.SPI2_TX.9.Mode=DMA_NORMAL
PA8.Signal=GPIO_Output
Dma.MEMTOMEM.8.MemBurst=DMA_MBURST_SINGLE
Dma.SPI3_RX.10.Mode=DMA_NORMAL
Dma.SPI1_RX.3.RequestParameters=Instance,Direction,PeriphInc,MemInc,PeriphDataAlignment,MemDataAlignment,Mode,Priority,FIFOMode
Dma.MEMTOMEM.8.MemDataAlignment=DMA_MDATAALIGN_BYTE
SH.ADCx_IN4.ConfNb=1
Dma.I2C1_RX.0.Direction=DMA_PERIPH_TO_MEMORY
NVIC.PendSV_IRQn=true\:0\:0\:false\:false\:true\:false\:false
ProjectManager.HalAssertFull=false
Dma.USART1_TX.6.Direction=DMA_MEMORY_TO_PERIPH
Mcu.Package=UFQFPN48
PB9.Signal=GPIO_Output
PB1.Signal=GPIO_Analog
Dma.SPI2_TX.9.PeriphDataAlignment=DMA_PDATAALIGN_BYTE
SPI2.Mode=SPI_MODE_MASTER
Dma.USART1_RX.5.MemDataAlignment=DMA_MDATAALIGN_BYTE
SPI3.Mode=SPI_MODE_MASTER
PA14.Locked=true
Dma.SPI2_RX.2.MemInc=DMA_MINC_ENABLE
VP_SYS_VS_Systick.Signal=SYS_VS_Systick
PA10.Signal=USART1_RX
NVIC.DMA2_Stream2_IRQn=true\:0\:0\:false\:false\:true\:false\:true
RCC.APB1TimFreq_Value=84000000
Dma.SPI2_TX.9.Direction=DMA_MEMORY_TO_PERIPH
NVIC.BusFault_IRQn=true\:0\:0\:false\:false\:true\:false\:false
USB_OTG_FS.IPParameters=VirtualMode
PB10.GPIOParameters=GPIO_Label
PB13.Mode=Full_Duplex_Master
Dma.SPI2_TX.9.Priority=DMA_PRIORITY_VERY_HIGH
NVIC.DMA1_Stream6_IRQn=true\:0\:0\:false\:false\:true\:false\:true
Dma.SPI3_TX.11.MemDataAlignment=DMA_MDATAALIGN_BYTE
PA4.GPIO_Label=AI/O4
ProjectManager.CustomerFirmwarePackage=
Dma.MEMTOMEM.8.PeriphDataAlignment=DMA_PDATAALIGN_BYTE
Dma.SPI1_TX.4.RequestParameters=Instance,Direction,PeriphInc,MemInc,PeriphDataAlignment,MemDataAlignment,Mode,Priority,FIFOMode
PA5.Mode=Full_Duplex_Master
Dma.I2C1_TX.1.PeriphDataAlignment=DMA_PDATAALIGN_BYTE
Dma.I2C1_RX.0.PeriphInc=DMA_PINC_DISABLE
ProjectManager.ProjectFileName=f401.ioc
Mcu.PinsNb=39
Dma.Request9=SPI2_TX
PC13-ANTI_TAMP.GPIO_Label=DAC CS
ADC1.IPParameters=Rank-1\#ChannelRegularConversion,master,Channel-1\#ChannelRegularConversion,SamplingTime-1\#ChannelRegularConversion,NbrOfConversionFlag
Dma.SPI3_TX.11.Mode=DMA_NORMAL
PA9.GPIO_Label=Midi TX/ I/O5
Dma.Request11=SPI3_TX
Dma.Request10=SPI3_RX
Dma.USART1_RX.5.RequestParameters=Instance,Direction,PeriphInc,MemInc,PeriphDataAlignment,MemDataAlignment,Mode,Priority,FIFOMode
PH1\ -\ OSC_OUT.Mode=HSE-External-Oscillator
Dma.MEMTOMEM.8.Mode=DMA_NORMAL
PB14.Locked=true
RCC.APB1CLKDivider=RCC_HCLK_DIV2
PC14-OSC32_IN.Signal=RCC_OSC32_IN
Dma.MEMTOMEM.8.PeriphInc=DMA_PINC_ENABLE
PA0-WKUP.GPIO_Label=Pots
PA0-WKUP.Signal=ADCx_IN0
Dma.ADC1.7.MemDataAlignment=DMA_MDATAALIGN_HALFWORD
PB8.GPIO_Label=Flash CS
PA15.Locked=true
PA8.GPIO_Label=Shift Reg CS
Dma.SPI3_TX.11.PeriphInc=DMA_PINC_DISABLE
Dma.SPI2_RX.2.FIFOMode=DMA_FIFOMODE_DISABLE
PA9.Signal=USART1_TX
Dma.I2C1_RX.0.MemInc=DMA_MINC_ENABLE
Dma.SPI2_TX.9.FIFOMode=DMA_FIFOMODE_DISABLE
PB5.Locked=true
PB9.Locked=true
PB10.Signal=GPIO_Analog
Dma.SPI3_RX.10.PeriphInc=DMA_PINC_DISABLE
Dma.SPI1_RX.3.MemInc=DMA_MINC_ENABLE
PB14.Signal=SPI2_MISO
PA5.Signal=SPI1_SCK
PH1\ -\ OSC_OUT.Signal=RCC_OSC_OUT
Dma.SPI3_RX.10.RequestParameters=Instance,Direction,PeriphInc,MemInc,PeriphDataAlignment,MemDataAlignment,Mode,Priority,FIFOMode
Dma.I2C1_TX.1.Priority=DMA_PRIORITY_MEDIUM
ProjectManager.LastFirmware=true
Dma.SPI2_TX.9.Instance=DMA1_Stream4
NVIC.SPI1_IRQn=true\:0\:0\:false\:false\:true\:true\:true
Dma.USART1_RX.5.PeriphDataAlignment=DMA_PDATAALIGN_BYTE
Dma.SPI3_TX.11.PeriphDataAlignment=DMA_PDATAALIGN_BYTE
Mcu.Pin37=VP_SYS_VS_Systick
Mcu.Pin38=VP_USB_DEVICE_VS_USB_DEVICE_HID_FS
Mcu.Pin35=PB9
Dma.ADC1.7.PeriphInc=DMA_PINC_DISABLE
Mcu.Pin36=VP_IWDG_VS_IWDG
SPI1.Mode=SPI_MODE_MASTER
SH.ADCx_IN0.ConfNb=1
Dma.I2C1_TX.1.MemInc=DMA_MINC_ENABLE
Mcu.Pin30=PB4
PA1.GPIO_Label=AI/O1
Mcu.Pin33=PB7
Mcu.Pin34=PB8
Dma.ADC1.7.PeriphDataAlignment=DMA_PDATAALIGN_HALFWORD
Mcu.Pin31=PB5
SH.ADCx_IN4.0=ADC1_IN4,IN4
Mcu.Pin32=PB6
NVIC.NonMaskableInt_IRQn=true\:0\:0\:false\:false\:true\:false\:false
ProjectManager.FreePins=false
Mcu.Pin26=PA13
Mcu.Pin27=PA14
NVIC.DMA2_Stream4_IRQn=true\:0\:0\:false\:false\:true\:false\:true
RCC.RTCHSEDivFreq_Value=12500000
Mcu.Pin24=PA11
Dma.SPI3_TX.11.Direction=DMA_MEMORY_TO_PERIPH
ProjectManager.UnderRoot=false
Mcu.Pin25=PA12
Mcu.Pin28=PA15
Mcu.Pin29=PB3
Dma.SPI1_TX.4.PeriphInc=DMA_PINC_DISABLE
PB4.Locked=true
Dma.SPI1_TX.4.Priority=DMA_PRIORITY_VERY_HIGH
ADC1.SamplingTime-1\#ChannelRegularConversion=ADC_SAMPLETIME_3CYCLES
PA4.Signal=ADCx_IN4
PB5.Signal=SPI3_MOSI
Mcu.Pin22=PA9
Mcu.Pin23=PA10
Mcu.Pin20=PB15
ADC1.master=1
PA3.Locked=true
Mcu.Pin21=PA8
NVIC.ForceEnableDMAVector=true
PA14.GPIOParameters=GPIO_Label
NVIC.MemoryManagement_IRQn=true\:0\:0\:false\:false\:true\:false\:false
USART1.VirtualMode=VM_ASYNC
ProjectManager.CompilerOptimize=6
ADC1.Rank-1\#ChannelRegularConversion=1
PA11.Signal=USB_OTG_FS_DM
ProjectManager.HeapSize=0x200
Mcu.Pin15=PB2
Dma.I2C1_RX.0.RequestParameters=Instance,Direction,PeriphInc,MemInc,PeriphDataAlignment,MemDataAlignment,Mode,Priority,FIFOMode
NVIC.HardFault_IRQn=true\:0\:0\:false\:false\:true\:false\:false
Mcu.Pin16=PB10
Mcu.Pin13=PB0
Mcu.Pin14=PB1
Mcu.Pin19=PB14
ProjectManager.ComputerToolchain=false
Mcu.Pin17=PB12
Mcu.Pin18=PB13
NVIC.PriorityGroup=NVIC_PRIORITYGROUP_4
Dma.SPI3_TX.11.FIFOMode=DMA_FIFOMODE_DISABLE
Mcu.Pin11=PA6
Mcu.Pin12=PA7
Mcu.Pin10=PA5
Dma.SPI3_TX.11.Instance=DMA1_Stream5
PB0.Signal=GPIO_Analog
Dma.USART1_TX.6.Priority=DMA_PRIORITY_MEDIUM
Dma.MEMTOMEM.8.MemInc=DMA_MINC_ENABLE
Mcu.Family=STM32F4
Dma.USART1_RX.5.FIFOMode=DMA_FIFOMODE_DISABLE
Dma.SPI1_TX.4.MemInc=DMA_MINC_ENABLE
Dma.USART1_RX.5.Priority=DMA_PRIORITY_MEDIUM
ProjectManager.MainLocation=Core/Src
Dma.SPI3_RX.10.Direction=DMA_PERIPH_TO_MEMORY
Dma.SPI3_RX.10.PeriphDataAlignment=DMA_PDATAALIGN_BYTE
PA6.Mode=Full_Duplex_Master
USB_DEVICE.CLASS_NAME_FS=HID
Dma.MEMTOMEM.8.FIFOThreshold=DMA_FIFO_THRESHOLD_FULL
SPI2.VirtualNSS=VM_NSSHARD
RCC.CortexFreq_Value=84000000
Dma.I2C1_TX.1.RequestParameters=Instance,Direction,PeriphInc,MemInc,PeriphDataAlignment,MemDataAlignment,Mode,Priority,FIFOMode
ProjectManager.KeepUserCode=false
Mcu.UserName=STM32F401CCUx
Dma.SPI1_RX.3.PeriphInc=DMA_PINC_DISABLE
Dma.USART1_RX.5.Direction=DMA_PERIPH_TO_MEMORY
SH.ADCx_IN2.0=ADC1_IN2,IN2
VP_IWDG_VS_IWDG.Mode=IWDG_Activate
ProjectManager.functionlistsort=1-MX_GPIO_Init-GPIO-false-LL-true,2-MX_DMA_Init-DMA-false-LL-true,3-SystemClock_Config-RCC-false-LL-false,4-MX_ADC1_Init-ADC1-false-LL-true,5-MX_I2C1_Init-I2C1-false-LL-true,6-MX_IWDG_Init-IWDG-false-LL-true,7-MX_SPI1_Init-SPI1-false-LL-true,8-MX_USART1_UART_Init-USART1-false-LL-true,9-MX_USB_DEVICE_Init-USB_DEVICE-false-HAL-false,10-MX_SPI2_Init-SPI2-false-LL-true,11-MX_SPI3_Init-SPI3-false-LL-true
PA9.GPIOParameters=GPIO_Label
Dma.SPI3_TX.11.MemInc=DMA_MINC_ENABLE
Dma.USART1_TX.6.PeriphDataAlignment=DMA_PDATAALIGN_BYTE
Dma.SPI1_RX.3.Instance=DMA2_Stream0
PA11.Mode=Device_Only
PB0.GPIO_Label=EAI/O1
Dma.MEMTOMEM.8.PeriphBurst=DMA_PBURST_SINGLE
NVIC.DMA1_Stream4_IRQn=true\:0\:0\:false\:false\:true\:false\:true
Dma.SPI2_RX.2.RequestParameters=Instance,Direction,PeriphInc,MemInc,PeriphDataAlignment,MemDataAlignment,Mode,Priority,FIFOMode
PB15.Signal=SPI2_MOSI
ProjectManager.StackSize=0x400
Dma.SPI1_RX.3.MemDataAlignment=DMA_MDATAALIGN_BYTE
Dma.I2C1_TX.1.Direction=DMA_MEMORY_TO_PERIPH
Mcu.IP4=NVIC
Mcu.IP5=RCC
RCC.FCLKCortexFreq_Value=84000000
Mcu.IP2=I2C1
Mcu.IP3=IWDG
Dma.USART1_RX.5.MemInc=DMA_MINC_ENABLE
Mcu.IP0=ADC1
Mcu.IP1=DMA
Dma.SPI1_RX.3.Priority=DMA_PRIORITY_VERY_HIGH
PA12.Signal=USB_OTG_FS_DP
Dma.MEMTOMEM.8.FIFOMode=DMA_FIFOMODE_ENABLE
Mcu.UserConstants=
PH0\ -\ OSC_IN.Signal=RCC_OSC_IN
Mcu.ThirdPartyNb=0
RCC.HCLKFreq_Value=84000000
SH.ADCx_IN3.0=ADC1_IN3,IN3
Mcu.IPNb=13
RCC.I2SClocksFreq_Value=96000000
ProjectManager.PreviousToolchain=
RCC.VcooutputI2S=96000000
Dma.MEMTOMEM.8.Instance=DMA2_Stream1
Dma.I2C1_TX.1.PeriphInc=DMA_PINC_DISABLE
SH.ADCx_IN3.ConfNb=1
PA8.GPIOParameters=GPIO_Label
Mcu.Pin6=PA1
Mcu.Pin7=PA2
NVIC.DMA2_Stream0_IRQn=true\:0\:0\:false\:false\:true\:false\:true
Mcu.Pin8=PA3
Mcu.Pin9=PA4
RCC.AHBFreq_Value=84000000
Mcu.Pin0=PC13-ANTI_TAMP
Mcu.Pin1=PC14-OSC32_IN
GPIO.groupedBy=Group By Peripherals
Mcu.Pin2=PC15-OSC32_OUT
Dma.I2C1_RX.0.Priority=DMA_PRIORITY_MEDIUM
Mcu.Pin3=PH0 - OSC_IN
Mcu.Pin4=PH1 - OSC_OUT
PA0-WKUP.GPIOParameters=GPIO_Label
Mcu.Pin5=PA0-WKUP
Dma.SPI2_RX.2.Instance=DMA1_Stream3
RCC.HSE_VALUE=25000000
NVIC.DebugMonitor_IRQn=true\:0\:0\:false\:false\:true\:false\:false
Mcu.IP10=USART1
PA15.Mode=NSS_Signal_Hard_Input
NVIC.SysTick_IRQn=true\:0\:0\:false\:false\:true\:false\:true
Mcu.IP12=USB_OTG_FS
Mcu.IP11=USB_DEVICE
Dma.MEMTOMEM.8.Direction=DMA_MEMORY_TO_MEMORY
Dma.ADC1.7.Priority=DMA_PRIORITY_HIGH
Dma.SPI1_TX.4.FIFOMode=DMA_FIFOMODE_DISABLE
PB4.Mode=Full_Duplex_Master
PC14-OSC32_IN.Mode=LSE-External-Oscillator
RCC.VCOInputFreq_Value=1000000
Dma.SPI1_RX.3.Direction=DMA_PERIPH_TO_MEMORY
Dma.SPI3_RX.10.MemInc=DMA_MINC_ENABLE
PB5.Mode=Full_Duplex_Master
File.Version=6
PA10.GPIO_Label=Midi-I/O6
Dma.ADC1.7.FIFOMode=DMA_FIFOMODE_DISABLE
PB7.Signal=I2C1_SDA
PB8.Locked=true
SH.ADCx_IN0.0=ADC1_IN0,IN0
Dma.SPI1_TX.4.MemDataAlignment=DMA_MDATAALIGN_BYTE
Dma.RequestsNb=12
PB0.Locked=true
ProjectManager.ProjectName=f401
PA13.GPIOParameters=GPIO_Label
PA6.Signal=SPI1_MISO
PB12.Mode=NSS_Signal_Hard_Input
NVIC.DMA2_Stream7_IRQn=true\:0\:0\:false\:false\:true\:false\:true
Dma.MEMTOMEM.8.Priority=DMA_PRIORITY_LOW
Dma.SPI2_RX.2.Priority=DMA_PRIORITY_VERY_HIGH
Dma.SPI1_TX.4.Direction=DMA_MEMORY_TO_PERIPH
NVIC.OTG_FS_IRQn=true\:0\:0\:false\:false\:true\:false\:true
ProjectManager.ToolChainLocation=
PA2.GPIO_Label=AI/O2
RCC.LSI_VALUE=32000
USB_OTG_FS.VirtualMode=Device_Only
PA15.Signal=SPI3_NSS
SH.ADCx_IN1.0=ADC1_IN1,IN1
Dma.Request2=SPI2_RX
Dma.Request1=I2C1_TX
Dma.Request4=SPI1_TX
Dma.Request3=SPI1_RX
Dma.Request6=USART1_TX
Dma.Request5=USART1_RX
NVIC.DMA1_Stream0_IRQn=true\:0\:0\:false\:false\:true\:false\:true
SPI3.IPParameters=VirtualType,Mode,Direction,CalculateBaudRate,VirtualNSS
Dma.Request8=MEMTOMEM
SPI2.Direction=SPI_DIRECTION_2LINES
Dma.Request7=ADC1
Dma.Request0=I2C1_RX
Dma.SPI2_TX.9.RequestParameters=Instance,Direction,PeriphInc,MemInc,PeriphDataAlignment,MemDataAlignment,Mode,Priority,FIFOMode
PB15.Locked=true
PB3.Locked=true
PB4.Signal=SPI3_MISO
PA3.Signal=ADCx_IN3
PC13-ANTI_TAMP.GPIOParameters=GPIO_Label
PA2.Locked=true
PC15-OSC32_OUT.Mode=LSE-External-Oscillator
Dma.USART1_TX.6.MemInc=DMA_MINC_ENABLE
Dma.SPI2_TX.9.PeriphInc=DMA_PINC_DISABLE
Dma.I2C1_RX.0.MemDataAlignment=DMA_MDATAALIGN_BYTE
PB8.GPIOParameters=GPIO_Label
Dma.MEMTOMEM.8.RequestParameters=Instance,Direction,PeriphInc,MemInc,PeriphDataAlignment,MemDataAlignment,Mode,Priority,FIFOMode,FIFOThreshold,MemBurst,PeriphBurst
PA7.Mode=Full_Duplex_Master
PB9.GPIO_Label=Alt CS
PA10.Mode=Asynchronous
Dma.SPI2_TX.9.MemInc=DMA_MINC_ENABLE
ProjectManager.NoMain=false
Dma.ADC1.7.Direction=DMA_PERIPH_TO_MEMORY
SPI1.IPParameters=VirtualType,Mode,Direction,CalculateBaudRate
USB_DEVICE.VirtualModeFS=Hid_FS
Dma.ADC1.7.RequestParameters=Instance,Direction,PeriphInc,MemInc,PeriphDataAlignment,MemDataAlignment,Mode,Priority,FIFOMode
Dma.SPI1_TX.4.PeriphDataAlignment=DMA_PDATAALIGN_BYTE
Dma.ADC1.7.Mode=DMA_NORMAL
Dma.SPI3_TX.11.RequestParameters=Instance,Direction,PeriphInc,MemInc,PeriphDataAlignment,MemDataAlignment,Mode,Priority,FIFOMode
Dma.ADC1.7.Instance=DMA2_Stream4
ProjectManager.DefaultFWLocation=true
PB12.Locked=true
ProjectManager.DeletePrevious=true
PB10.Locked=true
USB_DEVICE.IPParameters=VirtualMode,VirtualModeFS,CLASS_NAME_FS
Dma.SPI1_TX.4.Instance=DMA2_Stream3
PA0-WKUP.Locked=true
Dma.SPI2_RX.2.Mode=DMA_NORMAL
PB9.GPIOParameters=GPIO_Label
PA13.Signal=SYS_JTMS-SWDIO
PA9.Mode=Asynchronous
PH0\ -\ OSC_IN.Mode=HSE-External-Oscillator
Dma.USART1_RX.5.PeriphInc=DMA_PINC_DISABLE
ProjectManager.TargetToolchain=Makefile
Dma.USART1_TX.6.FIFOMode=DMA_FIFOMODE_DISABLE
PB10.GPIO_Label=EAI/O4
NVIC.DMA1_Stream5_IRQn=true\:0\:0\:false\:false\:true\:false\:true
PB2.GPIOParameters=GPIO_Label
ADC1.Channel-1\#ChannelRegularConversion=ADC_CHANNEL_0
Dma.I2C1_TX.1.Instance=DMA1_Stream6
SPI2.IPParameters=VirtualType,Mode,Direction,CalculateBaudRate,VirtualNSS
ProjectManager.RegisterCallBack=
NVIC.DMA2_Stream3_IRQn=true\:0\:0\:false\:false\:true\:false\:true
PC15-OSC32_OUT.Signal=RCC_OSC32_OUT
PA1.Signal=ADCx_IN1
PB1.Locked=true
Dma.USART1_TX.6.Instance=DMA2_Stream7
RCC.VCOI2SOutputFreq_Value=192000000
board=custom
RCC.VCOOutputFreq_Value=336000000
PC13-ANTI_TAMP.Locked=true
PB15.Mode=Full_Duplex_Master
Dma.I2C1_TX.1.FIFOMode=DMA_FIFOMODE_DISABLE
VP_USB_DEVICE_VS_USB_DEVICE_HID_FS.Mode=HID_FS
RCC.APB2Freq_Value=84000000
SPI3.CalculateBaudRate=21.0 MBits/s
MxCube.Version=6.1.0
SH.ADCx_IN2.ConfNb=1
PA10.GPIOParameters=GPIO_Label
VP_SYS_VS_Systick.Mode=SysTick
Dma.I2C1_TX.1.MemDataAlignment=DMA_MDATAALIGN_BYTE
PA4.GPIOParameters=GPIO_Label
RCC.IPParameters=48MHZClocksFreq_Value,AHBFreq_Value,APB1CLKDivider,APB1Freq_Value,APB1TimFreq_Value,APB2Freq_Value,APB2TimFreq_Value,CortexFreq_Value,FCLKCortexFreq_Value,HCLKFreq_Value,HSE_VALUE,HSI_VALUE,I2SClocksFreq_Value,LSI_VALUE,PLLCLKFreq_Value,PLLM,PLLN,PLLP,PLLQ,PLLQCLKFreq_Value,RTCFreq_Value,RTCHSEDivFreq_Value,SYSCLKFreq_VALUE,SYSCLKSource,VCOI2SOutputFreq_Value,VCOInputFreq_Value,VCOOutputFreq_Value,VcooutputI2S
ProjectManager.AskForMigrate=true
Mcu.Name=STM32F401C(B-C)Ux
PA13.GPIO_Label=Unavailable
PA2.Signal=ADCx_IN2
PB2.Locked=true
Mcu.IP8=SPI3
Mcu.IP9=SYS
Mcu.IP6=SPI1
Mcu.IP7=SPI2
ProjectManager.CoupleFile=false
RCC.48MHZClocksFreq_Value=48000000
PB3.Signal=SPI3_SCK
RCC.SYSCLKFreq_VALUE=84000000
PA1.Locked=true
PA12.Mode=Device_Only
KeepUserPlacement=false
Dma.SPI1_RX.3.PeriphDataAlignment=DMA_PDATAALIGN_BYTE
PA13.Locked=true
PB7.Mode=I2C
VP_IWDG_VS_IWDG.Signal=IWDG_VS_IWDG
PA14.Signal=SYS_JTCK-SWCLK
PB2.GPIO_Label=EAI/O3
Dma.I2C1_RX.0.FIFOMode=DMA_FIFOMODE_DISABLE
Dma.SPI1_TX.4.Mode=DMA_NORMAL
RCC.HSI_VALUE=16000000
RCC.PLLP=RCC_PLLP_DIV4
RCC.PLLQ=7
Dma.SPI1_RX.3.FIFOMode=DMA_FIFOMODE_DISABLE
ADC1.NbrOfConversionFlag=1
RCC.PLLM=25
RCC.PLLN=336
Dma.USART1_RX.5.Instance=DMA2_Stream2
PB8.Signal=GPIO_Output
Dma.USART1_TX.6.MemDataAlignment=DMA_MDATAALIGN_BYTE
NVIC.DMA1_Stream3_IRQn=true\:0\:0\:false\:false\:true\:false\:true
RCC.APB1Freq_Value=42000000
USB_DEVICE.VirtualMode=Hid
Dma.I2C1_RX.0.Instance=DMA1_Stream0
Dma.USART1_TX.6.RequestParameters=Instance,Direction,PeriphInc,MemInc,PeriphDataAlignment,MemDataAlignment,Mode,Priority,FIFOMode
Dma.SPI3_RX.10.MemDataAlignment=DMA_MDATAALIGN_BYTE
ProjectManager.DeviceId=STM32F401CCUx
PB12.Signal=SPI2_NSS
ProjectManager.LibraryCopy=1
PA3.GPIO_Label=AI/O3
PB1.GPIOParameters=GPIO_Label
PA7.Signal=SPI1_MOSI
